
Microsoft Visual Studio Solution File, Format Version 12.00
# Visual Studio Version 17
VisualStudioVersion = 17.4.33110.190
MinimumVisualStudioVersion = 10.0.40219.1
Project("{FAE04EC0-301F-11D3-BF4B-00C04F79EFBC}") = "SharpSystem.Web", "src\SharpSystem.Web\SharpSystem.Web.csproj", "{72A475B6-6DE0-43C1-893C-767BDB81F3C9}"
EndProject
Project("{FAE04EC0-301F-11D3-BF4B-00C04F79EFBC}") = "SharpSystem.Infra.Data", "src\SharpSystem.Infra.Data\SharpSystem.Infra.Data.csproj", "{1BEB0399-EEF5-4357-8E4B-9A7F1456E612}"
EndProject
Project("{FAE04EC0-301F-11D3-BF4B-00C04F79EFBC}") = "SharpSystem.Domain", "src\SharpSystem.Domain\SharpSystem.Domain.csproj", "{BFFD1B07-5C3D-40F6-9FCF-EF1B7836B1CB}"
EndProject
Project("{FAE04EC0-301F-11D3-BF4B-00C04F79EFBC}") = "SharpSystem.Application", "src\SharpSystem.Application\SharpSystem.Application.csproj", "{4EC4DF1A-9790-4CDB-A05E-225B2D8FE5BD}"
EndProject
Global
	GlobalSection(SolutionConfigurationPlatforms) = preSolution
		Debug|Any CPU = Debug|Any CPU
		Release|Any CPU = Release|Any CPU
	EndGlobalSection
	GlobalSection(ProjectConfigurationPlatforms) = postSolution
		{72A475B6-6DE0-43C1-893C-767BDB81F3C9}.Debug|Any CPU.ActiveCfg = Debug|Any CPU
		{72A475B6-6DE0-43C1-893C-767BDB81F3C9}.Debug|Any CPU.Build.0 = Debug|Any CPU
		{72A475B6-6DE0-43C1-893C-767BDB81F3C9}.Release|Any CPU.ActiveCfg = Release|Any CPU
		{72A475B6-6DE0-43C1-893C-767BDB81F3C9}.Release|Any CPU.Build.0 = Release|Any CPU
		{1BEB0399-EEF5-4357-8E4B-9A7F1456E612}.Debug|Any CPU.ActiveCfg = Debug|Any CPU
		{1BEB0399-EEF5-4357-8E4B-9A7F1456E612}.Debug|Any CPU.Build.0 = Debug|Any CPU
		{1BEB0399-EEF5-4357-8E4B-9A7F1456E612}.Release|Any CPU.ActiveCfg = Release|Any CPU
		{1BEB0399-EEF5-4357-8E4B-9A7F1456E612}.Release|Any CPU.Build.0 = Release|Any CPU
		{BFFD1B07-5C3D-40F6-9FCF-EF1B7836B1CB}.Debug|Any CPU.ActiveCfg = Debug|Any CPU
		{BFFD1B07-5C3D-40F6-9FCF-EF1B7836B1CB}.Debug|Any CPU.Build.0 = Debug|Any CPU
		{BFFD1B07-5C3D-40F6-9FCF-EF1B7836B1CB}.Release|Any CPU.ActiveCfg = Release|Any CPU
		{BFFD1B07-5C3D-40F6-9FCF-EF1B7836B1CB}.Release|Any CPU.Build.0 = Release|Any CPU
		{4EC4DF1A-9790-4CDB-A05E-225B2D8FE5BD}.Debug|Any CPU.ActiveCfg = Debug|Any CPU
		{4EC4DF1A-9790-4CDB-A05E-225B2D8FE5BD}.Debug|Any CPU.Build.0 = Debug|Any CPU
		{4EC4DF1A-9790-4CDB-A05E-225B2D8FE5BD}.Release|Any CPU.ActiveCfg = Release|Any CPU
		{4EC4DF1A-9790-4CDB-A05E-225B2D8FE5BD}.Release|Any CPU.Build.0 = Release|Any CPU
	EndGlobalSection
	GlobalSection(SolutionProperties) = preSolution
		HideSolutionNode = FALSE
	EndGlobalSection
	GlobalSection(ExtensibilityGlobals) = postSolution
		SolutionGuid = {9270EB91-982A-41EB-9D13-C842C4537F87}
	EndGlobalSection
EndGlobal
