
Microsoft Visual Studio Solution File, Format Version 12.00
# Visual Studio Version 17
VisualStudioVersion = 17.4.33213.308
MinimumVisualStudioVersion = 10.0.40219.1
Project("{9A19103F-16F7-4668-BE54-9A1E7A4F7556}") = "SharpSystem.Application", "src\SharpSystem.Application\SharpSystem.Application.csproj", "{DF31A34A-EE25-4508-938F-1CAE3A8ED203}"
EndProject
Project("{9A19103F-16F7-4668-BE54-9A1E7A4F7556}") = "SharpSystem.Web", "src\SharpSystem.Web\SharpSystem.Web.csproj", "{E5710D2B-0078-4293-9062-BAA75B49EC5F}"
EndProject
Project("{9A19103F-16F7-4668-BE54-9A1E7A4F7556}") = "SharpSystem.Domain", "src\SharpSystem.Domain\SharpSystem.Domain.csproj", "{E0756C36-5A40-43FD-BF59-20A6D0CE9520}"
EndProject
Project("{FAE04EC0-301F-11D3-BF4B-00C04F79EFBC}") = "SharpSystem.Infra.Data", "src\SharpSystem.Infra.Data\SharpSystem.Infra.Data.csproj", "{AE9F4983-D05E-43F1-8EE5-19F654C37214}"
EndProject
Global
	GlobalSection(SolutionConfigurationPlatforms) = preSolution
		Debug|Any CPU = Debug|Any CPU
		Release|Any CPU = Release|Any CPU
	EndGlobalSection
	GlobalSection(ProjectConfigurationPlatforms) = postSolution
		{DF31A34A-EE25-4508-938F-1CAE3A8ED203}.Debug|Any CPU.ActiveCfg = Debug|Any CPU
		{DF31A34A-EE25-4508-938F-1CAE3A8ED203}.Debug|Any CPU.Build.0 = Debug|Any CPU
		{DF31A34A-EE25-4508-938F-1CAE3A8ED203}.Release|Any CPU.ActiveCfg = Release|Any CPU
		{DF31A34A-EE25-4508-938F-1CAE3A8ED203}.Release|Any CPU.Build.0 = Release|Any CPU
		{E5710D2B-0078-4293-9062-BAA75B49EC5F}.Debug|Any CPU.ActiveCfg = Debug|Any CPU
		{E5710D2B-0078-4293-9062-BAA75B49EC5F}.Debug|Any CPU.Build.0 = Debug|Any CPU
		{E5710D2B-0078-4293-9062-BAA75B49EC5F}.Release|Any CPU.ActiveCfg = Release|Any CPU
		{E5710D2B-0078-4293-9062-BAA75B49EC5F}.Release|Any CPU.Build.0 = Release|Any CPU
		{E0756C36-5A40-43FD-BF59-20A6D0CE9520}.Debug|Any CPU.ActiveCfg = Debug|Any CPU
		{E0756C36-5A40-43FD-BF59-20A6D0CE9520}.Debug|Any CPU.Build.0 = Debug|Any CPU
		{E0756C36-5A40-43FD-BF59-20A6D0CE9520}.Release|Any CPU.ActiveCfg = Release|Any CPU
		{E0756C36-5A40-43FD-BF59-20A6D0CE9520}.Release|Any CPU.Build.0 = Release|Any CPU
		{AE9F4983-D05E-43F1-8EE5-19F654C37214}.Debug|Any CPU.ActiveCfg = Debug|Any CPU
		{AE9F4983-D05E-43F1-8EE5-19F654C37214}.Debug|Any CPU.Build.0 = Debug|Any CPU
		{AE9F4983-D05E-43F1-8EE5-19F654C37214}.Release|Any CPU.ActiveCfg = Release|Any CPU
		{AE9F4983-D05E-43F1-8EE5-19F654C37214}.Release|Any CPU.Build.0 = Release|Any CPU
	EndGlobalSection
	GlobalSection(SolutionProperties) = preSolution
		HideSolutionNode = FALSE
	EndGlobalSection
	GlobalSection(ExtensibilityGlobals) = postSolution
		SolutionGuid = {6D757AB9-8310-4DF3-8049-E74FAD5410E7}
	EndGlobalSection
EndGlobal
