
Microsoft Visual Studio Solution File, Format Version 12.00
# Visual Studio Version 17
VisualStudioVersion = 17.4.33110.190
MinimumVisualStudioVersion = 10.0.40219.1
Project("{9A19103F-16F7-4668-BE54-9A1E7A4F7556}") = "SharpSystem.Web", "src\SharpSystem.Web\SharpSystem.Web.csproj", "{72A475B6-6DE0-43C1-893C-767BDB81F3C9}"
EndProject
Project("{9A19103F-16F7-4668-BE54-9A1E7A4F7556}") = "SharpSystem.Infra.Data", "src\SharpSystem.Infra.Data\SharpSystem.Infra.Data.csproj", "{1BEB0399-EEF5-4357-8E4B-9A7F1456E612}"
EndProject
Project("{9A19103F-16F7-4668-BE54-9A1E7A4F7556}") = "SharpSystem.Domain", "src\SharpSystem.Domain\SharpSystem.Domain.csproj", "{BFFD1B07-5C3D-40F6-9FCF-EF1B7836B1CB}"
EndProject
Project("{9A19103F-16F7-4668-BE54-9A1E7A4F7556}") = "SharpSystem.Console.Testes", "src\SharpSystem.Console.Testes\SharpSystem.Console.Testes.csproj", "{6609635F-D432-48A2-91B0-73A3C77043F5}"
EndProject
Project("{9A19103F-16F7-4668-BE54-9A1E7A4F7556}") = "SharpSystem.Application", "src\SharpSystem.Application\SharpSystem.Application.csproj", "{C8E70DD9-1193-4486-8719-FE1F78B2D394}"
EndProject
Global
	GlobalSection(SolutionConfigurationPlatforms) = preSolution
		Debug|Any CPU = Debug|Any CPU
		Release|Any CPU = Release|Any CPU
	EndGlobalSection
	GlobalSection(ProjectConfigurationPlatforms) = postSolution
		{72A475B6-6DE0-43C1-893C-767BDB81F3C9}.Debug|Any CPU.ActiveCfg = Debug|Any CPU
		{72A475B6-6DE0-43C1-893C-767BDB81F3C9}.Debug|Any CPU.Build.0 = Debug|Any CPU
		{72A475B6-6DE0-43C1-893C-767BDB81F3C9}.Release|Any CPU.ActiveCfg = Release|Any CPU
		{72A475B6-6DE0-43C1-893C-767BDB81F3C9}.Release|Any CPU.Build.0 = Release|Any CPU
		{1BEB0399-EEF5-4357-8E4B-9A7F1456E612}.Debug|Any CPU.ActiveCfg = Debug|Any CPU
		{1BEB0399-EEF5-4357-8E4B-9A7F1456E612}.Debug|Any CPU.Build.0 = Debug|Any CPU
		{1BEB0399-EEF5-4357-8E4B-9A7F1456E612}.Release|Any CPU.ActiveCfg = Release|Any CPU
		{1BEB0399-EEF5-4357-8E4B-9A7F1456E612}.Release|Any CPU.Build.0 = Release|Any CPU
		{BFFD1B07-5C3D-40F6-9FCF-EF1B7836B1CB}.Debug|Any CPU.ActiveCfg = Debug|Any CPU
		{BFFD1B07-5C3D-40F6-9FCF-EF1B7836B1CB}.Debug|Any CPU.Build.0 = Debug|Any CPU
		{BFFD1B07-5C3D-40F6-9FCF-EF1B7836B1CB}.Release|Any CPU.ActiveCfg = Release|Any CPU
		{BFFD1B07-5C3D-40F6-9FCF-EF1B7836B1CB}.Release|Any CPU.Build.0 = Release|Any CPU
		{6609635F-D432-48A2-91B0-73A3C77043F5}.Debug|Any CPU.ActiveCfg = Debug|Any CPU
		{6609635F-D432-48A2-91B0-73A3C77043F5}.Debug|Any CPU.Build.0 = Debug|Any CPU
		{6609635F-D432-48A2-91B0-73A3C77043F5}.Release|Any CPU.ActiveCfg = Release|Any CPU
		{6609635F-D432-48A2-91B0-73A3C77043F5}.Release|Any CPU.Build.0 = Release|Any CPU
		{C8E70DD9-1193-4486-8719-FE1F78B2D394}.Debug|Any CPU.ActiveCfg = Debug|Any CPU
		{C8E70DD9-1193-4486-8719-FE1F78B2D394}.Debug|Any CPU.Build.0 = Debug|Any CPU
		{C8E70DD9-1193-4486-8719-FE1F78B2D394}.Release|Any CPU.ActiveCfg = Release|Any CPU
		{C8E70DD9-1193-4486-8719-FE1F78B2D394}.Release|Any CPU.Build.0 = Release|Any CPU
	EndGlobalSection
	GlobalSection(SolutionProperties) = preSolution
		HideSolutionNode = FALSE
	EndGlobalSection
	GlobalSection(ExtensibilityGlobals) = postSolution
		SolutionGuid = {9270EB91-982A-41EB-9D13-C842C4537F87}
	EndGlobalSection
EndGlobal
